// !$*UTF8*$!
{
	archiveVersion = 1;
	classes = {
	};
	objectVersion = 56;
	objects = {

/* Begin PBXBuildFile section */
		ACF8EA7729E4B29400D0DC98 /* ChatAppDemoApp.swift in Sources */ = {isa = PBXBuildFile; fileRef = ACF8EA7629E4B29400D0DC98 /* ChatAppDemoApp.swift */; };
		ACF8EA7929E4B29400D0DC98 /* ContentView.swift in Sources */ = {isa = PBXBuildFile; fileRef = ACF8EA7829E4B29400D0DC98 /* ContentView.swift */; };
		ACF8EA7B29E4B29600D0DC98 /* Assets.xcassets in Resources */ = {isa = PBXBuildFile; fileRef = ACF8EA7A29E4B29600D0DC98 /* Assets.xcassets */; };
		ACF8EA7E29E4B29600D0DC98 /* Preview Assets.xcassets in Resources */ = {isa = PBXBuildFile; fileRef = ACF8EA7D29E4B29600D0DC98 /* Preview Assets.xcassets */; };
		ACF8EA8629E4BB8E00D0DC98 /* TitleRow.swift in Sources */ = {isa = PBXBuildFile; fileRef = ACF8EA8529E4BB8E00D0DC98 /* TitleRow.swift */; };
		ACF8EA8929E4C1CD00D0DC98 /* Message.swift in Sources */ = {isa = PBXBuildFile; fileRef = ACF8EA8829E4C1CD00D0DC98 /* Message.swift */; };
		ACF8EA8B29E4C2BC00D0DC98 /* MessageBubble.swift in Sources */ = {isa = PBXBuildFile; fileRef = ACF8EA8A29E4C2BC00D0DC98 /* MessageBubble.swift */; };
		ACF8EA8D29E4CBA900D0DC98 /* Extensions.swift in Sources */ = {isa = PBXBuildFile; fileRef = ACF8EA8C29E4CBA900D0DC98 /* Extensions.swift */; };
		ACF8EA8F29E4CC8E00D0DC98 /* MessageField.swift in Sources */ = {isa = PBXBuildFile; fileRef = ACF8EA8E29E4CC8E00D0DC98 /* MessageField.swift */; };
		ACF8EA9129E4D33E00D0DC98 /* GoogleService-Info.plist in Resources */ = {isa = PBXBuildFile; fileRef = ACF8EA9029E4D33E00D0DC98 /* GoogleService-Info.plist */; };
		ACF8EA9429E4D43000D0DC98 /* FirebaseFirestore in Frameworks */ = {isa = PBXBuildFile; productRef = ACF8EA9329E4D43000D0DC98 /* FirebaseFirestore */; };
		ACF8EA9629E4D43000D0DC98 /* FirebaseFirestoreSwift in Frameworks */ = {isa = PBXBuildFile; productRef = ACF8EA9529E4D43000D0DC98 /* FirebaseFirestoreSwift */; };
		ACF8EA9829E4D66700D0DC98 /* MessagesManager.swift in Sources */ = {isa = PBXBuildFile; fileRef = ACF8EA9729E4D66700D0DC98 /* MessagesManager.swift */; };
/* End PBXBuildFile section */

/* Begin PBXFileReference section */
		ACF8EA7329E4B29400D0DC98 /* ChatAppDemo.app */ = {isa = PBXFileReference; explicitFileType = wrapper.application; includeInIndex = 0; path = ChatAppDemo.app; sourceTree = BUILT_PRODUCTS_DIR; };
		ACF8EA7629E4B29400D0DC98 /* ChatAppDemoApp.swift */ = {isa = PBXFileReference; lastKnownFileType = sourcecode.swift; path = ChatAppDemoApp.swift; sourceTree = "<group>"; };
		ACF8EA7829E4B29400D0DC98 /* ContentView.swift */ = {isa = PBXFileReference; lastKnownFileType = sourcecode.swift; path = ContentView.swift; sourceTree = "<group>"; };
		ACF8EA7A29E4B29600D0DC98 /* Assets.xcassets */ = {isa = PBXFileReference; lastKnownFileType = folder.assetcatalog; path = Assets.xcassets; sourceTree = "<group>"; };
		ACF8EA7D29E4B29600D0DC98 /* Preview Assets.xcassets */ = {isa = PBXFileReference; lastKnownFileType = folder.assetcatalog; path = "Preview Assets.xcassets"; sourceTree = "<group>"; };
		ACF8EA8529E4BB8E00D0DC98 /* TitleRow.swift */ = {isa = PBXFileReference; lastKnownFileType = sourcecode.swift; path = TitleRow.swift; sourceTree = "<group>"; };
		ACF8EA8829E4C1CD00D0DC98 /* Message.swift */ = {isa = PBXFileReference; lastKnownFileType = sourcecode.swift; path = Message.swift; sourceTree = "<group>"; };
		ACF8EA8A29E4C2BC00D0DC98 /* MessageBubble.swift */ = {isa = PBXFileReference; lastKnownFileType = sourcecode.swift; path = MessageBubble.swift; sourceTree = "<group>"; };
		ACF8EA8C29E4CBA900D0DC98 /* Extensions.swift */ = {isa = PBXFileReference; lastKnownFileType = sourcecode.swift; path = Extensions.swift; sourceTree = "<group>"; };
		ACF8EA8E29E4CC8E00D0DC98 /* MessageField.swift */ = {isa = PBXFileReference; lastKnownFileType = sourcecode.swift; path = MessageField.swift; sourceTree = "<group>"; };
		ACF8EA9029E4D33E00D0DC98 /* GoogleService-Info.plist */ = {isa = PBXFileReference; fileEncoding = 4; lastKnownFileType = text.plist.xml; name = "GoogleService-Info.plist"; path = "../../../../Downloads/GoogleService-Info.plist"; sourceTree = "<group>"; };
		ACF8EA9729E4D66700D0DC98 /* MessagesManager.swift */ = {isa = PBXFileReference; lastKnownFileType = sourcecode.swift; path = MessagesManager.swift; sourceTree = "<group>"; };
/* End PBXFileReference section */

/* Begin PBXFrameworksBuildPhase section */
		ACF8EA7029E4B29400D0DC98 /* Frameworks */ = {
			isa = PBXFrameworksBuildPhase;
			buildActionMask = 2147483647;
			files = (
				ACF8EA9429E4D43000D0DC98 /* FirebaseFirestore in Frameworks */,
				ACF8EA9629E4D43000D0DC98 /* FirebaseFirestoreSwift in Frameworks */,
			);
			runOnlyForDeploymentPostprocessing = 0;
		};
/* End PBXFrameworksBuildPhase section */

/* Begin PBXGroup section */
		ACF8EA6A29E4B29300D0DC98 = {
			isa = PBXGroup;
			children = (
				ACF8EA7529E4B29400D0DC98 /* ChatAppDemo */,
				ACF8EA7429E4B29400D0DC98 /* Products */,
			);
			sourceTree = "<group>";
		};
		ACF8EA7429E4B29400D0DC98 /* Products */ = {
			isa = PBXGroup;
			children = (
				ACF8EA7329E4B29400D0DC98 /* ChatAppDemo.app */,
			);
			name = Products;
			sourceTree = "<group>";
		};
		ACF8EA7529E4B29400D0DC98 /* ChatAppDemo */ = {
			isa = PBXGroup;
			children = (
				ACF8EA7629E4B29400D0DC98 /* ChatAppDemoApp.swift */,
				ACF8EA7829E4B29400D0DC98 /* ContentView.swift */,
				ACF8EA9029E4D33E00D0DC98 /* GoogleService-Info.plist */,
				ACF8EA8729E4C19E00D0DC98 /* Models */,
				ACF8EA8429E4BB6100D0DC98 /* Components */,
				ACF8EA7A29E4B29600D0DC98 /* Assets.xcassets */,
				ACF8EA7C29E4B29600D0DC98 /* Preview Content */,
				ACF8EA8C29E4CBA900D0DC98 /* Extensions.swift */,
				ACF8EA9729E4D66700D0DC98 /* MessagesManager.swift */,
			);
			path = ChatAppDemo;
			sourceTree = "<group>";
		};
		ACF8EA7C29E4B29600D0DC98 /* Preview Content */ = {
			isa = PBXGroup;
			children = (
				ACF8EA7D29E4B29600D0DC98 /* Preview Assets.xcassets */,
			);
			path = "Preview Content";
			sourceTree = "<group>";
		};
		ACF8EA8429E4BB6100D0DC98 /* Components */ = {
			isa = PBXGroup;
			children = (
				ACF8EA8529E4BB8E00D0DC98 /* TitleRow.swift */,
				ACF8EA8A29E4C2BC00D0DC98 /* MessageBubble.swift */,
				ACF8EA8E29E4CC8E00D0DC98 /* MessageField.swift */,
			);
			path = Components;
			sourceTree = "<group>";
		};
		ACF8EA8729E4C19E00D0DC98 /* Models */ = {
			isa = PBXGroup;
			children = (
				ACF8EA8829E4C1CD00D0DC98 /* Message.swift */,
			);
			path = Models;
			sourceTree = "<group>";
		};
/* End PBXGroup section */

/* Begin PBXNativeTarget section */
		ACF8EA7229E4B29400D0DC98 /* ChatAppDemo */ = {
			isa = PBXNativeTarget;
			buildConfigurationList = ACF8EA8129E4B29600D0DC98 /* Build configuration list for PBXNativeTarget "ChatAppDemo" */;
			buildPhases = (
				ACF8EA6F29E4B29400D0DC98 /* Sources */,
				ACF8EA7029E4B29400D0DC98 /* Frameworks */,
				ACF8EA7129E4B29400D0DC98 /* Resources */,
			);
			buildRules = (
			);
			dependencies = (
			);
			name = ChatAppDemo;
			packageProductDependencies = (
				ACF8EA9329E4D43000D0DC98 /* FirebaseFirestore */,
				ACF8EA9529E4D43000D0DC98 /* FirebaseFirestoreSwift */,
			);
			productName = ChatAppDemo;
			productReference = ACF8EA7329E4B29400D0DC98 /* ChatAppDemo.app */;
			productType = "com.apple.product-type.application";
		};
/* End PBXNativeTarget section */

/* Begin PBXProject section */
		ACF8EA6B29E4B29300D0DC98 /* Project object */ = {
			isa = PBXProject;
			attributes = {
				BuildIndependentTargetsInParallel = 1;
				LastSwiftUpdateCheck = 1430;
				LastUpgradeCheck = 1430;
				TargetAttributes = {
					ACF8EA7229E4B29400D0DC98 = {
						CreatedOnToolsVersion = 14.3;
					};
				};
			};
			buildConfigurationList = ACF8EA6E29E4B29300D0DC98 /* Build configuration list for PBXProject "ChatAppDemo" */;
			compatibilityVersion = "Xcode 14.0";
			developmentRegion = en;
			hasScannedForEncodings = 0;
			knownRegions = (
				en,
				Base,
			);
			mainGroup = ACF8EA6A29E4B29300D0DC98;
			packageReferences = (
				ACF8EA9229E4D43000D0DC98 /* XCRemoteSwiftPackageReference "firebase-ios-sdk" */,
			);
			productRefGroup = ACF8EA7429E4B29400D0DC98 /* Products */;
			projectDirPath = "";
			projectRoot = "";
			targets = (
				ACF8EA7229E4B29400D0DC98 /* ChatAppDemo */,
			);
		};
/* End PBXProject section */

/* Begin PBXResourcesBuildPhase section */
		ACF8EA7129E4B29400D0DC98 /* Resources */ = {
			isa = PBXResourcesBuildPhase;
			buildActionMask = 2147483647;
			files = (
				ACF8EA7E29E4B29600D0DC98 /* Preview Assets.xcassets in Resources */,
				ACF8EA7B29E4B29600D0DC98 /* Assets.xcassets in Resources */,
				ACF8EA9129E4D33E00D0DC98 /* GoogleService-Info.plist in Resources */,
			);
			runOnlyForDeploymentPostprocessing = 0;
		};
/* End PBXResourcesBuildPhase section */

/* Begin PBXSourcesBuildPhase section */
		ACF8EA6F29E4B29400D0DC98 /* Sources */ = {
			isa = PBXSourcesBuildPhase;
			buildActionMask = 2147483647;
			files = (
				ACF8EA7929E4B29400D0DC98 /* ContentView.swift in Sources */,
				ACF8EA8D29E4CBA900D0DC98 /* Extensions.swift in Sources */,
				ACF8EA8929E4C1CD00D0DC98 /* Message.swift in Sources */,
				ACF8EA9829E4D66700D0DC98 /* MessagesManager.swift in Sources */,
				ACF8EA8F29E4CC8E00D0DC98 /* MessageField.swift in Sources */,
				ACF8EA8B29E4C2BC00D0DC98 /* MessageBubble.swift in Sources */,
				ACF8EA7729E4B29400D0DC98 /* ChatAppDemoApp.swift in Sources */,
				ACF8EA8629E4BB8E00D0DC98 /* TitleRow.swift in Sources */,
			);
			runOnlyForDeploymentPostprocessing = 0;
		};
/* End PBXSourcesBuildPhase section */

/* Begin XCBuildConfiguration section */
		ACF8EA7F29E4B29600D0DC98 /* Debug */ = {
			isa = XCBuildConfiguration;
			buildSettings = {
				ALWAYS_SEARCH_USER_PATHS = NO;
				CLANG_ANALYZER_NONNULL = YES;
				CLANG_ANALYZER_NUMBER_OBJECT_CONVERSION = YES_AGGRESSIVE;
				CLANG_CXX_LANGUAGE_STANDARD = "gnu++20";
				CLANG_ENABLE_MODULES = YES;
				CLANG_ENABLE_OBJC_ARC = YES;
				CLANG_ENABLE_OBJC_WEAK = YES;
				CLANG_WARN_BLOCK_CAPTURE_AUTORELEASING = YES;
				CLANG_WARN_BOOL_CONVERSION = YES;
				CLANG_WARN_COMMA = YES;
				CLANG_WARN_CONSTANT_CONVERSION = YES;
				CLANG_WARN_DEPRECATED_OBJC_IMPLEMENTATIONS = YES;
				CLANG_WARN_DIRECT_OBJC_ISA_USAGE = YES_ERROR;
				CLANG_WARN_DOCUMENTATION_COMMENTS = YES;
				CLANG_WARN_EMPTY_BODY = YES;
				CLANG_WARN_ENUM_CONVERSION = YES;
				CLANG_WARN_INFINITE_RECURSION = YES;
				CLANG_WARN_INT_CONVERSION = YES;
				CLANG_WARN_NON_LITERAL_NULL_CONVERSION = YES;
				CLANG_WARN_OBJC_IMPLICIT_RETAIN_SELF = YES;
				CLANG_WARN_OBJC_LITERAL_CONVERSION = YES;
				CLANG_WARN_OBJC_ROOT_CLASS = YES_ERROR;
				CLANG_WARN_QUOTED_INCLUDE_IN_FRAMEWORK_HEADER = YES;
				CLANG_WARN_RANGE_LOOP_ANALYSIS = YES;
				CLANG_WARN_STRICT_PROTOTYPES = YES;
				CLANG_WARN_SUSPICIOUS_MOVE = YES;
				CLANG_WARN_UNGUARDED_AVAILABILITY = YES_AGGRESSIVE;
				CLANG_WARN_UNREACHABLE_CODE = YES;
				CLANG_WARN__DUPLICATE_METHOD_MATCH = YES;
				COPY_PHASE_STRIP = NO;
				DEBUG_INFORMATION_FORMAT = dwarf;
				ENABLE_STRICT_OBJC_MSGSEND = YES;
				ENABLE_TESTABILITY = YES;
				GCC_C_LANGUAGE_STANDARD = gnu11;
				GCC_DYNAMIC_NO_PIC = NO;
				GCC_NO_COMMON_BLOCKS = YES;
				GCC_OPTIMIZATION_LEVEL = 0;
				GCC_PREPROCESSOR_DEFINITIONS = (
					"DEBUG=1",
					"$(inherited)",
				);
				GCC_WARN_64_TO_32_BIT_CONVERSION = YES;
				GCC_WARN_ABOUT_RETURN_TYPE = YES_ERROR;
				GCC_WARN_UNDECLARED_SELECTOR = YES;
				GCC_WARN_UNINITIALIZED_AUTOS = YES_AGGRESSIVE;
				GCC_WARN_UNUSED_FUNCTION = YES;
				GCC_WARN_UNUSED_VARIABLE = YES;
				IPHONEOS_DEPLOYMENT_TARGET = 16.4;
				MTL_ENABLE_DEBUG_INFO = INCLUDE_SOURCE;
				MTL_FAST_MATH = YES;
				ONLY_ACTIVE_ARCH = YES;
				SDKROOT = iphoneos;
				SWIFT_ACTIVE_COMPILATION_CONDITIONS = DEBUG;
				SWIFT_OPTIMIZATION_LEVEL = "-Onone";
			};
			name = Debug;
		};
		ACF8EA8029E4B29600D0DC98 /* Release */ = {
			isa = XCBuildConfiguration;
			buildSettings = {
				ALWAYS_SEARCH_USER_PATHS = NO;
				CLANG_ANALYZER_NONNULL = YES;
				CLANG_ANALYZER_NUMBER_OBJECT_CONVERSION = YES_AGGRESSIVE;
				CLANG_CXX_LANGUAGE_STANDARD = "gnu++20";
				CLANG_ENABLE_MODULES = YES;
				CLANG_ENABLE_OBJC_ARC = YES;
				CLANG_ENABLE_OBJC_WEAK = YES;
				CLANG_WARN_BLOCK_CAPTURE_AUTORELEASING = YES;
				CLANG_WARN_BOOL_CONVERSION = YES;
				CLANG_WARN_COMMA = YES;
				CLANG_WARN_CONSTANT_CONVERSION = YES;
				CLANG_WARN_DEPRECATED_OBJC_IMPLEMENTATIONS = YES;
				CLANG_WARN_DIRECT_OBJC_ISA_USAGE = YES_ERROR;
				CLANG_WARN_DOCUMENTATION_COMMENTS = YES;
				CLANG_WARN_EMPTY_BODY = YES;
				CLANG_WARN_ENUM_CONVERSION = YES;
				CLANG_WARN_INFINITE_RECURSION = YES;
				CLANG_WARN_INT_CONVERSION = YES;
				CLANG_WARN_NON_LITERAL_NULL_CONVERSION = YES;
				CLANG_WARN_OBJC_IMPLICIT_RETAIN_SELF = YES;
				CLANG_WARN_OBJC_LITERAL_CONVERSION = YES;
				CLANG_WARN_OBJC_ROOT_CLASS = YES_ERROR;
				CLANG_WARN_QUOTED_INCLUDE_IN_FRAMEWORK_HEADER = YES;
				CLANG_WARN_RANGE_LOOP_ANALYSIS = YES;
				CLANG_WARN_STRICT_PROTOTYPES = YES;
				CLANG_WARN_SUSPICIOUS_MOVE = YES;
				CLANG_WARN_UNGUARDED_AVAILABILITY = YES_AGGRESSIVE;
				CLANG_WARN_UNREACHABLE_CODE = YES;
				CLANG_WARN__DUPLICATE_METHOD_MATCH = YES;
				COPY_PHASE_STRIP = NO;
				DEBUG_INFORMATION_FORMAT = "dwarf-with-dsym";
				ENABLE_NS_ASSERTIONS = NO;
				ENABLE_STRICT_OBJC_MSGSEND = YES;
				GCC_C_LANGUAGE_STANDARD = gnu11;
				GCC_NO_COMMON_BLOCKS = YES;
				GCC_WARN_64_TO_32_BIT_CONVERSION = YES;
				GCC_WARN_ABOUT_RETURN_TYPE = YES_ERROR;
				GCC_WARN_UNDECLARED_SELECTOR = YES;
				GCC_WARN_UNINITIALIZED_AUTOS = YES_AGGRESSIVE;
				GCC_WARN_UNUSED_FUNCTION = YES;
				GCC_WARN_UNUSED_VARIABLE = YES;
				IPHONEOS_DEPLOYMENT_TARGET = 16.4;
				MTL_ENABLE_DEBUG_INFO = NO;
				MTL_FAST_MATH = YES;
				SDKROOT = iphoneos;
				SWIFT_COMPILATION_MODE = wholemodule;
				SWIFT_OPTIMIZATION_LEVEL = "-O";
				VALIDATE_PRODUCT = YES;
			};
			name = Release;
		};
		ACF8EA8229E4B29600D0DC98 /* Debug */ = {
			isa = XCBuildConfiguration;
			buildSettings = {
				ASSETCATALOG_COMPILER_APPICON_NAME = AppIcon;
				ASSETCATALOG_COMPILER_GLOBAL_ACCENT_COLOR_NAME = AccentColor;
				CODE_SIGN_STYLE = Automatic;
				CURRENT_PROJECT_VERSION = 1;
				DEVELOPMENT_ASSET_PATHS = "\"ChatAppDemo/Preview Content\"";
				DEVELOPMENT_TEAM = TNT86Q9U9M;
				ENABLE_PREVIEWS = YES;
				GENERATE_INFOPLIST_FILE = YES;
				INFOPLIST_KEY_UIApplicationSceneManifest_Generation = YES;
				INFOPLIST_KEY_UIApplicationSupportsIndirectInputEvents = YES;
				INFOPLIST_KEY_UILaunchScreen_Generation = YES;
				INFOPLIST_KEY_UISupportedInterfaceOrientations_iPad = "UIInterfaceOrientationPortrait UIInterfaceOrientationPortraitUpsideDown UIInterfaceOrientationLandscapeLeft UIInterfaceOrientationLandscapeRight";
				INFOPLIST_KEY_UISupportedInterfaceOrientations_iPhone = "UIInterfaceOrientationPortrait UIInterfaceOrientationLandscapeLeft UIInterfaceOrientationLandscapeRight";
				LD_RUNPATH_SEARCH_PATHS = (
					"$(inherited)",
					"@executable_path/Frameworks",
				);
				MARKETING_VERSION = 1.0;
				PRODUCT_BUNDLE_IDENTIFIER = com.joselimaico.ChatAppDemo;
				PRODUCT_NAME = "$(TARGET_NAME)";
				SWIFT_EMIT_LOC_STRINGS = YES;
				SWIFT_VERSION = 5.0;
				TARGETED_DEVICE_FAMILY = "1,2";
			};
			name = Debug;
		};
		ACF8EA8329E4B29600D0DC98 /* Release */ = {
			isa = XCBuildConfiguration;
			buildSettings = {
				ASSETCATALOG_COMPILER_APPICON_NAME = AppIcon;
				ASSETCATALOG_COMPILER_GLOBAL_ACCENT_COLOR_NAME = AccentColor;
				CODE_SIGN_STYLE = Automatic;
				CURRENT_PROJECT_VERSION = 1;
				DEVELOPMENT_ASSET_PATHS = "\"ChatAppDemo/Preview Content\"";
				DEVELOPMENT_TEAM = TNT86Q9U9M;
				ENABLE_PREVIEWS = YES;
				GENERATE_INFOPLIST_FILE = YES;
				INFOPLIST_KEY_UIApplicationSceneManifest_Generation = YES;
				INFOPLIST_KEY_UIApplicationSupportsIndirectInputEvents = YES;
				INFOPLIST_KEY_UILaunchScreen_Generation = YES;
				INFOPLIST_KEY_UISupportedInterfaceOrientations_iPad = "UIInterfaceOrientationPortrait UIInterfaceOrientationPortraitUpsideDown UIInterfaceOrientationLandscapeLeft UIInterfaceOrientationLandscapeRight";
				INFOPLIST_KEY_UISupportedInterfaceOrientations_iPhone = "UIInterfaceOrientationPortrait UIInterfaceOrientationLandscapeLeft UIInterfaceOrientationLandscapeRight";
				LD_RUNPATH_SEARCH_PATHS = (
					"$(inherited)",
					"@executable_path/Frameworks",
				);
				MARKETING_VERSION = 1.0;
				PRODUCT_BUNDLE_IDENTIFIER = com.joselimaico.ChatAppDemo;
				PRODUCT_NAME = "$(TARGET_NAME)";
				SWIFT_EMIT_LOC_STRINGS = YES;
				SWIFT_VERSION = 5.0;
				TARGETED_DEVICE_FAMILY = "1,2";
			};
			name = Release;
		};
/* End XCBuildConfiguration section */

/* Begin XCConfigurationList section */
		ACF8EA6E29E4B29300D0DC98 /* Build configuration list for PBXProject "ChatAppDemo" */ = {
			isa = XCConfigurationList;
			buildConfigurations = (
				ACF8EA7F29E4B29600D0DC98 /* Debug */,
				ACF8EA8029E4B29600D0DC98 /* Release */,
			);
			defaultConfigurationIsVisible = 0;
			defaultConfigurationName = Release;
		};
		ACF8EA8129E4B29600D0DC98 /* Build configuration list for PBXNativeTarget "ChatAppDemo" */ = {
			isa = XCConfigurationList;
			buildConfigurations = (
				ACF8EA8229E4B29600D0DC98 /* Debug */,
				ACF8EA8329E4B29600D0DC98 /* Release */,
			);
			defaultConfigurationIsVisible = 0;
			defaultConfigurationName = Release;
		};
/* End XCConfigurationList section */

/* Begin XCRemoteSwiftPackageReference section */
		ACF8EA9229E4D43000D0DC98 /* XCRemoteSwiftPackageReference "firebase-ios-sdk" */ = {
			isa = XCRemoteSwiftPackageReference;
			repositoryURL = "https://github.com/firebase/firebase-ios-sdk";
			requirement = {
				kind = upToNextMajorVersion;
				minimumVersion = 10.0.0;
			};
		};
/* End XCRemoteSwiftPackageReference section */

/* Begin XCSwiftPackageProductDependency section */
		ACF8EA9329E4D43000D0DC98 /* FirebaseFirestore */ = {
			isa = XCSwiftPackageProductDependency;
			package = ACF8EA9229E4D43000D0DC98 /* XCRemoteSwiftPackageReference "firebase-ios-sdk" */;
			productName = FirebaseFirestore;
		};
		ACF8EA9529E4D43000D0DC98 /* FirebaseFirestoreSwift */ = {
			isa = XCSwiftPackageProductDependency;
			package = ACF8EA9229E4D43000D0DC98 /* XCRemoteSwiftPackageReference "firebase-ios-sdk" */;
			productName = FirebaseFirestoreSwift;
		};
/* End XCSwiftPackageProductDependency section */
	};
	rootObject = ACF8EA6B29E4B29300D0DC98 /* Project object */;
}
